
Microsoft Visual Studio Solution File, Format Version 12.00
# Visual Studio Version 17
VisualStudioVersion = 17.4.33110.190
MinimumVisualStudioVersion = 10.0.40219.1
Project("{9A19103F-16F7-4668-BE54-9A1E7A4F7556}") = "Udemy WPF Example", "Udemy WPF Example\Udemy WPF Example.csproj", "{08392876-0D6E-479C-9254-7DE63343A36C}"
EndProject
Project("{9A19103F-16F7-4668-BE54-9A1E7A4F7556}") = "Calculator", "Calculator\Calculator.csproj", "{60B8C749-AC1D-4DC9-8FDE-327299D0AD90}"
EndProject
Project("{FAE04EC0-301F-11D3-BF4B-00C04F79EFBC}") = "CSharpePractise", "CSharpePractise\CSharpePractise.csproj", "{8F0E1195-E898-4486-A518-4C833C179C49}"
EndProject
Global
	GlobalSection(SolutionConfigurationPlatforms) = preSolution
		Debug|Any CPU = Debug|Any CPU
		Release|Any CPU = Release|Any CPU
	EndGlobalSection
	GlobalSection(ProjectConfigurationPlatforms) = postSolution
		{08392876-0D6E-479C-9254-7DE63343A36C}.Debug|Any CPU.ActiveCfg = Debug|Any CPU
		{08392876-0D6E-479C-9254-7DE63343A36C}.Debug|Any CPU.Build.0 = Debug|Any CPU
		{08392876-0D6E-479C-9254-7DE63343A36C}.Release|Any CPU.ActiveCfg = Release|Any CPU
		{08392876-0D6E-479C-9254-7DE63343A36C}.Release|Any CPU.Build.0 = Release|Any CPU
		{60B8C749-AC1D-4DC9-8FDE-327299D0AD90}.Debug|Any CPU.ActiveCfg = Debug|Any CPU
		{60B8C749-AC1D-4DC9-8FDE-327299D0AD90}.Debug|Any CPU.Build.0 = Debug|Any CPU
		{60B8C749-AC1D-4DC9-8FDE-327299D0AD90}.Release|Any CPU.ActiveCfg = Release|Any CPU
		{60B8C749-AC1D-4DC9-8FDE-327299D0AD90}.Release|Any CPU.Build.0 = Release|Any CPU
		{8F0E1195-E898-4486-A518-4C833C179C49}.Debug|Any CPU.ActiveCfg = Debug|Any CPU
		{8F0E1195-E898-4486-A518-4C833C179C49}.Debug|Any CPU.Build.0 = Debug|Any CPU
		{8F0E1195-E898-4486-A518-4C833C179C49}.Release|Any CPU.ActiveCfg = Release|Any CPU
		{8F0E1195-E898-4486-A518-4C833C179C49}.Release|Any CPU.Build.0 = Release|Any CPU
	EndGlobalSection
	GlobalSection(SolutionProperties) = preSolution
		HideSolutionNode = FALSE
	EndGlobalSection
	GlobalSection(ExtensibilityGlobals) = postSolution
		SolutionGuid = {C3BEC225-FF0C-4E7E-AA9E-3339B36AAA49}
	EndGlobalSection
EndGlobal
